      web:
        condition: service_healthy
        required: true
    image: caddy:2-alpine
    networks:
      webnet: null
    ports:
      - mode: ingress
        target: 80
        published: "80"
        protocol: tcp
      - mode: ingress
        target: 443
        published: "443"
        protocol: tcp
    restart: unless-stopped
